// !$*UTF8*$!
{
	archiveVersion = 1;
	classes = {
	};
	objectVersion = 46;
	objects = {

/* Begin PBXBuildFile section */
		32216B541E3098DC009B47E5 /* DKVerticalColorPicker.m in Sources */ = {isa = PBXBuildFile; fileRef = 32216B531E3098DC009B47E5 /* DKVerticalColorPicker.m */; };
		32216B571E30C8FE009B47E5 /* ImageVC.m in Sources */ = {isa = PBXBuildFile; fileRef = 32216B561E30C8FE009B47E5 /* ImageVC.m */; };
		39679DA11A1B21EA0007964E /* main.m in Sources */ = {isa = PBXBuildFile; fileRef = 39679DA01A1B21EA0007964E /* main.m */; };
		39679DA41A1B21EB0007964E /* AppDelegate.m in Sources */ = {isa = PBXBuildFile; fileRef = 39679DA31A1B21EB0007964E /* AppDelegate.m */; };
		39679DA71A1B21EB0007964E /* ViewController.m in Sources */ = {isa = PBXBuildFile; fileRef = 39679DA61A1B21EB0007964E /* ViewController.m */; };
		39679DAA1A1B21EB0007964E /* Main.storyboard in Resources */ = {isa = PBXBuildFile; fileRef = 39679DA81A1B21EB0007964E /* Main.storyboard */; };
		39679DAC1A1B21EB0007964E /* Images.xcassets in Resources */ = {isa = PBXBuildFile; fileRef = 39679DAB1A1B21EB0007964E /* Images.xcassets */; };
		39679DAF1A1B21EB0007964E /* LaunchScreen.xib in Resources */ = {isa = PBXBuildFile; fileRef = 39679DAD1A1B21EB0007964E /* LaunchScreen.xib */; };
		39679DC71A1B24EC0007964E /* background.png in Resources */ = {isa = PBXBuildFile; fileRef = 39679DC61A1B24EC0007964E /* background.png */; };
/* End PBXBuildFile section */

/* Begin PBXFileReference section */
		32216B521E3098DC009B47E5 /* DKVerticalColorPicker.h */ = {isa = PBXFileReference; fileEncoding = 4; lastKnownFileType = sourcecode.c.h; path = DKVerticalColorPicker.h; sourceTree = "<group>"; };
		32216B531E3098DC009B47E5 /* DKVerticalColorPicker.m */ = {isa = PBXFileReference; fileEncoding = 4; lastKnownFileType = sourcecode.c.objc; path = DKVerticalColorPicker.m; sourceTree = "<group>"; };
		32216B551E30C8FE009B47E5 /* ImageVC.h */ = {isa = PBXFileReference; fileEncoding = 4; lastKnownFileType = sourcecode.c.h; path = ImageVC.h; sourceTree = "<group>"; };
		32216B561E30C8FE009B47E5 /* ImageVC.m */ = {isa = PBXFileReference; fileEncoding = 4; lastKnownFileType = sourcecode.c.objc; path = ImageVC.m; sourceTree = "<group>"; };
		39679D9B1A1B21EA0007964E /* KColorPicker.app */ = {isa = PBXFileReference; explicitFileType = wrapper.application; includeInIndex = 0; path = KColorPicker.app; sourceTree = BUILT_PRODUCTS_DIR; };
		39679D9F1A1B21EA0007964E /* Info.plist */ = {isa = PBXFileReference; lastKnownFileType = text.plist.xml; path = Info.plist; sourceTree = "<group>"; };
		39679DA01A1B21EA0007964E /* main.m */ = {isa = PBXFileReference; lastKnownFileType = sourcecode.c.objc; path = main.m; sourceTree = "<group>"; };
		39679DA21A1B21EA0007964E /* AppDelegate.h */ = {isa = PBXFileReference; lastKnownFileType = sourcecode.c.h; path = AppDelegate.h; sourceTree = "<group>"; };
		39679DA31A1B21EB0007964E /* AppDelegate.m */ = {isa = PBXFileReference; lastKnownFileType = sourcecode.c.objc; path = AppDelegate.m; sourceTree = "<group>"; };
		39679DA51A1B21EB0007964E /* ViewController.h */ = {isa = PBXFileReference; lastKnownFileType = sourcecode.c.h; path = ViewController.h; sourceTree = "<group>"; };
		39679DA61A1B21EB0007964E /* ViewController.m */ = {isa = PBXFileReference; lastKnownFileType = sourcecode.c.objc; path = ViewController.m; sourceTree = "<group>"; };
		39679DA91A1B21EB0007964E /* Base */ = {isa = PBXFileReference; lastKnownFileType = file.storyboard; name = Base; path = Base.lproj/Main.storyboard; sourceTree = "<group>"; };
		39679DAB1A1B21EB0007964E /* Images.xcassets */ = {isa = PBXFileReference; lastKnownFileType = folder.assetcatalog; path = Images.xcassets; sourceTree = "<group>"; };
		39679DAE1A1B21EB0007964E /* Base */ = {isa = PBXFileReference; lastKnownFileType = file.xib; name = Base; path = Base.lproj/LaunchScreen.xib; sourceTree = "<group>"; };
		39679DB91A1B21EB0007964E /* Info.plist */ = {isa = PBXFileReference; lastKnownFileType = text.plist.xml; path = Info.plist; sourceTree = "<group>"; };
		39679DBA1A1B21EB0007964E /* UndoDrawingTests.m */ = {isa = PBXFileReference; lastKnownFileType = sourcecode.c.objc; path = UndoDrawingTests.m; sourceTree = "<group>"; };
		39679DC61A1B24EC0007964E /* background.png */ = {isa = PBXFileReference; lastKnownFileType = image.png; path = background.png; sourceTree = "<group>"; };
/* End PBXFileReference section */

/* Begin PBXFrameworksBuildPhase section */
		39679D981A1B21EA0007964E /* Frameworks */ = {
			isa = PBXFrameworksBuildPhase;
			buildActionMask = 2147483647;
			files = (
			);
			runOnlyForDeploymentPostprocessing = 0;
		};
/* End PBXFrameworksBuildPhase section */

/* Begin PBXGroup section */
		39679D921A1B21EA0007964E = {
			isa = PBXGroup;
			children = (
				39679D9D1A1B21EA0007964E /* UndoDrawing */,
				39679DB71A1B21EB0007964E /* UndoDrawingTests */,
				39679D9C1A1B21EA0007964E /* Products */,
			);
			sourceTree = "<group>";
		};
		39679D9C1A1B21EA0007964E /* Products */ = {
			isa = PBXGroup;
			children = (
				39679D9B1A1B21EA0007964E /* KColorPicker.app */,
			);
			name = Products;
			sourceTree = "<group>";
		};
		39679D9D1A1B21EA0007964E /* UndoDrawing */ = {
			isa = PBXGroup;
			children = (
				32216B521E3098DC009B47E5 /* DKVerticalColorPicker.h */,
				32216B531E3098DC009B47E5 /* DKVerticalColorPicker.m */,
				39679DA21A1B21EA0007964E /* AppDelegate.h */,
				39679DA31A1B21EB0007964E /* AppDelegate.m */,
				39679DA51A1B21EB0007964E /* ViewController.h */,
				39679DA61A1B21EB0007964E /* ViewController.m */,
				32216B551E30C8FE009B47E5 /* ImageVC.h */,
				32216B561E30C8FE009B47E5 /* ImageVC.m */,
				39679DA81A1B21EB0007964E /* Main.storyboard */,
				39679DC61A1B24EC0007964E /* background.png */,
				39679DAB1A1B21EB0007964E /* Images.xcassets */,
				39679DAD1A1B21EB0007964E /* LaunchScreen.xib */,
				39679D9E1A1B21EA0007964E /* Supporting Files */,
			);
			path = UndoDrawing;
			sourceTree = "<group>";
		};
		39679D9E1A1B21EA0007964E /* Supporting Files */ = {
			isa = PBXGroup;
			children = (
				39679D9F1A1B21EA0007964E /* Info.plist */,
				39679DA01A1B21EA0007964E /* main.m */,
			);
			name = "Supporting Files";
			sourceTree = "<group>";
		};
		39679DB71A1B21EB0007964E /* UndoDrawingTests */ = {
			isa = PBXGroup;
			children = (
				39679DBA1A1B21EB0007964E /* UndoDrawingTests.m */,
				39679DB81A1B21EB0007964E /* Supporting Files */,
			);
			path = UndoDrawingTests;
			sourceTree = "<group>";
		};
		39679DB81A1B21EB0007964E /* Supporting Files */ = {
			isa = PBXGroup;
			children = (
				39679DB91A1B21EB0007964E /* Info.plist */,
			);
			name = "Supporting Files";
			sourceTree = "<group>";
		};
/* End PBXGroup section */

/* Begin PBXNativeTarget section */
		39679D9A1A1B21EA0007964E /* KColorPicker */ = {
			isa = PBXNativeTarget;
			buildConfigurationList = 39679DBE1A1B21EB0007964E /* Build configuration list for PBXNativeTarget "KColorPicker" */;
			buildPhases = (
				39679D971A1B21EA0007964E /* Sources */,
				39679D981A1B21EA0007964E /* Frameworks */,
				39679D991A1B21EA0007964E /* Resources */,
			);
			buildRules = (
			);
			dependencies = (
			);
			name = KColorPicker;
			productName = UndoDrawing;
			productReference = 39679D9B1A1B21EA0007964E /* KColorPicker.app */;
			productType = "com.apple.product-type.application";
		};
/* End PBXNativeTarget section */

/* Begin PBXProject section */
		39679D931A1B21EA0007964E /* Project object */ = {
			isa = PBXProject;
			attributes = {
				LastUpgradeCheck = 0810;
				ORGANIZATIONNAME = codeall;
				TargetAttributes = {
					39679D9A1A1B21EA0007964E = {
						CreatedOnToolsVersion = 6.1;
						ProvisioningStyle = Manual;
					};
				};
			};
			buildConfigurationList = 39679D961A1B21EA0007964E /* Build configuration list for PBXProject "KColorPicker" */;
			compatibilityVersion = "Xcode 3.2";
			developmentRegion = English;
			hasScannedForEncodings = 0;
			knownRegions = (
				en,
				Base,
			);
			mainGroup = 39679D921A1B21EA0007964E;
			productRefGroup = 39679D9C1A1B21EA0007964E /* Products */;
			projectDirPath = "";
			projectRoot = "";
			targets = (
				39679D9A1A1B21EA0007964E /* KColorPicker */,
			);
		};
/* End PBXProject section */

/* Begin PBXResourcesBuildPhase section */
		39679D991A1B21EA0007964E /* Resources */ = {
			isa = PBXResourcesBuildPhase;
			buildActionMask = 2147483647;
			files = (
				39679DC71A1B24EC0007964E /* background.png in Resources */,
				39679DAA1A1B21EB0007964E /* Main.storyboard in Resources */,
				39679DAF1A1B21EB0007964E /* LaunchScreen.xib in Resources */,
				39679DAC1A1B21EB0007964E /* Images.xcassets in Resources */,
			);
			runOnlyForDeploymentPostprocessing = 0;
		};
/* End PBXResourcesBuildPhase section */

/* Begin PBXSourcesBuildPhase section */
		39679D971A1B21EA0007964E /* Sources */ = {
			isa = PBXSourcesBuildPhase;
			buildActionMask = 2147483647;
			files = (
				32216B571E30C8FE009B47E5 /* ImageVC.m in Sources */,
				32216B541E3098DC009B47E5 /* DKVerticalColorPicker.m in Sources */,
				39679DA71A1B21EB0007964E /* ViewController.m in Sources */,
				39679DA41A1B21EB0007964E /* AppDelegate.m in Sources */,
				39679DA11A1B21EA0007964E /* main.m in Sources */,
			);
			runOnlyForDeploymentPostprocessing = 0;
		};
/* End PBXSourcesBuildPhase section */

/* Begin PBXVariantGroup section */
		39679DA81A1B21EB0007964E /* Main.storyboard */ = {
			isa = PBXVariantGroup;
			children = (
				39679DA91A1B21EB0007964E /* Base */,
			);
			name = Main.storyboard;
			sourceTree = "<group>";
		};
		39679DAD1A1B21EB0007964E /* LaunchScreen.xib */ = {
			isa = PBXVariantGroup;
			children = (
				39679DAE1A1B21EB0007964E /* Base */,
			);
			name = LaunchScreen.xib;
			sourceTree = "<group>";
		};
/* End PBXVariantGroup section */

/* Begin XCBuildConfiguration section */
		39679DBC1A1B21EB0007964E /* Debug */ = {
			isa = XCBuildConfiguration;
			buildSettings = {
				ALWAYS_SEARCH_USER_PATHS = NO;
				CLANG_CXX_LANGUAGE_STANDARD = "gnu++0x";
				CLANG_CXX_LIBRARY = "libc++";
				CLANG_ENABLE_MODULES = YES;
				CLANG_ENABLE_OBJC_ARC = YES;
				CLANG_WARN_BOOL_CONVERSION = YES;
				CLANG_WARN_CONSTANT_CONVERSION = YES;
				CLANG_WARN_DIRECT_OBJC_ISA_USAGE = YES_ERROR;
				CLANG_WARN_EMPTY_BODY = YES;
				CLANG_WARN_ENUM_CONVERSION = YES;
				CLANG_WARN_INFINITE_RECURSION = YES;
				CLANG_WARN_INT_CONVERSION = YES;
				CLANG_WARN_OBJC_ROOT_CLASS = YES_ERROR;
				CLANG_WARN_SUSPICIOUS_MOVE = YES;
				CLANG_WARN_UNREACHABLE_CODE = YES;
				CLANG_WARN__DUPLICATE_METHOD_MATCH = YES;
				"CODE_SIGN_IDENTITY[sdk=iphoneos*]" = "iPhone Developer";
				COPY_PHASE_STRIP = NO;
				ENABLE_STRICT_OBJC_MSGSEND = YES;
				ENABLE_TESTABILITY = YES;
				GCC_C_LANGUAGE_STANDARD = gnu99;
				GCC_DYNAMIC_NO_PIC = NO;
				GCC_NO_COMMON_BLOCKS = YES;
				GCC_OPTIMIZATION_LEVEL = 0;
				GCC_PREPROCESSOR_DEFINITIONS = (
					"DEBUG=1",
					"$(inherited)",
				);
				GCC_SYMBOLS_PRIVATE_EXTERN = NO;
				GCC_WARN_64_TO_32_BIT_CONVERSION = YES;
				GCC_WARN_ABOUT_RETURN_TYPE = YES_ERROR;
				GCC_WARN_UNDECLARED_SELECTOR = YES;
				GCC_WARN_UNINITIALIZED_AUTOS = YES_AGGRESSIVE;
				GCC_WARN_UNUSED_FUNCTION = YES;
				GCC_WARN_UNUSED_VARIABLE = YES;
				IPHONEOS_DEPLOYMENT_TARGET = 8.1;
				MTL_ENABLE_DEBUG_INFO = YES;
				ONLY_ACTIVE_ARCH = YES;
				SDKROOT = iphoneos;
				TARGETED_DEVICE_FAMILY = "1,2";
			};
			name = Debug;
		};
		39679DBD1A1B21EB0007964E /* Release */ = {
			isa = XCBuildConfiguration;
			buildSettings = {
				ALWAYS_SEARCH_USER_PATHS = NO;
				CLANG_CXX_LANGUAGE_STANDARD = "gnu++0x";
				CLANG_CXX_LIBRARY = "libc++";
				CLANG_ENABLE_MODULES = YES;
				CLANG_ENABLE_OBJC_ARC = YES;
				CLANG_WARN_BOOL_CONVERSION = YES;
				CLANG_WARN_CONSTANT_CONVERSION = YES;
				CLANG_WARN_DIRECT_OBJC_ISA_USAGE = YES_ERROR;
				CLANG_WARN_EMPTY_BODY = YES;
				CLANG_WARN_ENUM_CONVERSION = YES;
				CLANG_WARN_INFINITE_RECURSION = YES;
				CLANG_WARN_INT_CONVERSION = YES;
				CLANG_WARN_OBJC_ROOT_CLASS = YES_ERROR;
				CLANG_WARN_SUSPICIOUS_MOVE = YES;
				CLANG_WARN_UNREACHABLE_CODE = YES;
				CLANG_WARN__DUPLICATE_METHOD_MATCH = YES;
				"CODE_SIGN_IDENTITY[sdk=iphoneos*]" = "iPhone Developer";
				COPY_PHASE_STRIP = YES;
				ENABLE_NS_ASSERTIONS = NO;
				ENABLE_STRICT_OBJC_MSGSEND = YES;
				GCC_C_LANGUAGE_STANDARD = gnu99;
				GCC_NO_COMMON_BLOCKS = YES;
				GCC_WARN_64_TO_32_BIT_CONVERSION = YES;
				GCC_WARN_ABOUT_RETURN_TYPE = YES_ERROR;
				GCC_WARN_UNDECLARED_SELECTOR = YES;
				GCC_WARN_UNINITIALIZED_AUTOS = YES_AGGRESSIVE;
				GCC_WARN_UNUSED_FUNCTION = YES;
				GCC_WARN_UNUSED_VARIABLE = YES;
				IPHONEOS_DEPLOYMENT_TARGET = 8.1;
				MTL_ENABLE_DEBUG_INFO = NO;
				SDKROOT = iphoneos;
				TARGETED_DEVICE_FAMILY = "1,2";
				VALIDATE_PRODUCT = YES;
			};
			name = Release;
		};
		39679DBF1A1B21EB0007964E /* Debug */ = {
			isa = XCBuildConfiguration;
			buildSettings = {
				ASSETCATALOG_COMPILER_APPICON_NAME = AppIcon;
				DEVELOPMENT_TEAM = "";
				INFOPLIST_FILE = UndoDrawing/Info.plist;
				LD_RUNPATH_SEARCH_PATHS = "$(inherited) @executable_path/Frameworks";
				PRODUCT_BUNDLE_IDENTIFIER = "codeall.$(PRODUCT_NAME:rfc1034identifier)";
				PRODUCT_NAME = "$(TARGET_NAME)";
				PROVISIONING_PROFILE_SPECIFIER = "";
			};
			name = Debug;
		};
		39679DC01A1B21EB0007964E /* Release */ = {
			isa = XCBuildConfiguration;
			buildSettings = {
				ASSETCATALOG_COMPILER_APPICON_NAME = AppIcon;
				DEVELOPMENT_TEAM = "";
				INFOPLIST_FILE = UndoDrawing/Info.plist;
				LD_RUNPATH_SEARCH_PATHS = "$(inherited) @executable_path/Frameworks";
				PRODUCT_BUNDLE_IDENTIFIER = "codeall.$(PRODUCT_NAME:rfc1034identifier)";
				PRODUCT_NAME = "$(TARGET_NAME)";
				PROVISIONING_PROFILE_SPECIFIER = "";
			};
			name = Release;
		};
/* End XCBuildConfiguration section */

/* Begin XCConfigurationList section */
		39679D961A1B21EA0007964E /* Build configuration list for PBXProject "KColorPicker" */ = {
			isa = XCConfigurationList;
			buildConfigurations = (
				39679DBC1A1B21EB0007964E /* Debug */,
				39679DBD1A1B21EB0007964E /* Release */,
			);
			defaultConfigurationIsVisible = 0;
			defaultConfigurationName = Release;
		};
		39679DBE1A1B21EB0007964E /* Build configuration list for PBXNativeTarget "KColorPicker" */ = {
			isa = XCConfigurationList;
			buildConfigurations = (
				39679DBF1A1B21EB0007964E /* Debug */,
				39679DC01A1B21EB0007964E /* Release */,
			);
			defaultConfigurationIsVisible = 0;
			defaultConfigurationName = Release;
		};
/* End XCConfigurationList section */
	};
	rootObject = 39679D931A1B21EA0007964E /* Project object */;
}
